// !$*UTF8*$!
{
	archiveVersion = 1;
	classes = {
	};
	objectVersion = 46;
	objects = {

/* Begin PBXBuildFile section */
		988989771EA2177D00B4D634 /* AppDelegate.swift in Sources */ = {isa = PBXBuildFile; fileRef = 988989761EA2177D00B4D634 /* AppDelegate.swift */; };
		988989791EA2177D00B4D634 /* ViewController.swift in Sources */ = {isa = PBXBuildFile; fileRef = 988989781EA2177D00B4D634 /* ViewController.swift */; };
		9889897C1EA2177D00B4D634 /* Main.storyboard in Resources */ = {isa = PBXBuildFile; fileRef = 9889897A1EA2177D00B4D634 /* Main.storyboard */; };
		9889897F1EA2177D00B4D634 /* Pokedex.xcdatamodeld in Sources */ = {isa = PBXBuildFile; fileRef = 9889897D1EA2177D00B4D634 /* Pokedex.xcdatamodeld */; };
		988989811EA2177D00B4D634 /* Assets.xcassets in Resources */ = {isa = PBXBuildFile; fileRef = 988989801EA2177D00B4D634 /* Assets.xcassets */; };
		988989841EA2177D00B4D634 /* LaunchScreen.storyboard in Resources */ = {isa = PBXBuildFile; fileRef = 988989821EA2177D00B4D634 /* LaunchScreen.storyboard */; };
		98E9D65A1EA21F8800666954 /* pokemon.csv in Resources */ = {isa = PBXBuildFile; fileRef = 98E9D6591EA21F8800666954 /* pokemon.csv */; };
/* End PBXBuildFile section */

/* Begin PBXFileReference section */
		988989731EA2177D00B4D634 /* Pokedex.app */ = {isa = PBXFileReference; explicitFileType = wrapper.application; includeInIndex = 0; path = Pokedex.app; sourceTree = BUILT_PRODUCTS_DIR; };
		988989761EA2177D00B4D634 /* AppDelegate.swift */ = {isa = PBXFileReference; lastKnownFileType = sourcecode.swift; path = AppDelegate.swift; sourceTree = "<group>"; };
		988989781EA2177D00B4D634 /* ViewController.swift */ = {isa = PBXFileReference; lastKnownFileType = sourcecode.swift; path = ViewController.swift; sourceTree = "<group>"; };
		9889897B1EA2177D00B4D634 /* Base */ = {isa = PBXFileReference; lastKnownFileType = file.storyboard; name = Base; path = Base.lproj/Main.storyboard; sourceTree = "<group>"; };
		9889897E1EA2177D00B4D634 /* Pokedex.xcdatamodel */ = {isa = PBXFileReference; lastKnownFileType = wrapper.xcdatamodel; path = Pokedex.xcdatamodel; sourceTree = "<group>"; };
		988989801EA2177D00B4D634 /* Assets.xcassets */ = {isa = PBXFileReference; lastKnownFileType = folder.assetcatalog; path = Assets.xcassets; sourceTree = "<group>"; };
		988989831EA2177D00B4D634 /* Base */ = {isa = PBXFileReference; lastKnownFileType = file.storyboard; name = Base; path = Base.lproj/LaunchScreen.storyboard; sourceTree = "<group>"; };
		988989851EA2177D00B4D634 /* Info.plist */ = {isa = PBXFileReference; lastKnownFileType = text.plist.xml; path = Info.plist; sourceTree = "<group>"; };
		98E9D6591EA21F8800666954 /* pokemon.csv */ = {isa = PBXFileReference; fileEncoding = 4; lastKnownFileType = text; path = pokemon.csv; sourceTree = "<group>"; };
/* End PBXFileReference section */

/* Begin PBXFrameworksBuildPhase section */
		988989701EA2177D00B4D634 /* Frameworks */ = {
			isa = PBXFrameworksBuildPhase;
			buildActionMask = 2147483647;
			files = (
			);
			runOnlyForDeploymentPostprocessing = 0;
		};
/* End PBXFrameworksBuildPhase section */

/* Begin PBXGroup section */
		9889896A1EA2177D00B4D634 = {
			isa = PBXGroup;
			children = (
				988989751EA2177D00B4D634 /* Pokedex */,
				988989741EA2177D00B4D634 /* Products */,
			);
			sourceTree = "<group>";
		};
		988989741EA2177D00B4D634 /* Products */ = {
			isa = PBXGroup;
			children = (
				988989731EA2177D00B4D634 /* Pokedex.app */,
			);
			name = Products;
			sourceTree = "<group>";
		};
		988989751EA2177D00B4D634 /* Pokedex */ = {
			isa = PBXGroup;
			children = (
				988989761EA2177D00B4D634 /* AppDelegate.swift */,
				988989781EA2177D00B4D634 /* ViewController.swift */,
				9889897A1EA2177D00B4D634 /* Main.storyboard */,
				988989801EA2177D00B4D634 /* Assets.xcassets */,
				98E9D6591EA21F8800666954 /* pokemon.csv */,
				988989821EA2177D00B4D634 /* LaunchScreen.storyboard */,
				988989851EA2177D00B4D634 /* Info.plist */,
				9889897D1EA2177D00B4D634 /* Pokedex.xcdatamodeld */,
			);
			path = Pokedex;
			sourceTree = "<group>";
		};
/* End PBXGroup section */

/* Begin PBXNativeTarget section */
		988989721EA2177D00B4D634 /* Pokedex */ = {
			isa = PBXNativeTarget;
			buildConfigurationList = 988989881EA2177D00B4D634 /* Build configuration list for PBXNativeTarget "Pokedex" */;
			buildPhases = (
				9889896F1EA2177D00B4D634 /* Sources */,
				988989701EA2177D00B4D634 /* Frameworks */,
				988989711EA2177D00B4D634 /* Resources */,
			);
			buildRules = (
			);
			dependencies = (
			);
			name = Pokedex;
			productName = Pokedex;
			productReference = 988989731EA2177D00B4D634 /* Pokedex.app */;
			productType = "com.apple.product-type.application";
		};
/* End PBXNativeTarget section */

/* Begin PBXProject section */
		9889896B1EA2177D00B4D634 /* Project object */ = {
			isa = PBXProject;
			attributes = {
				LastSwiftUpdateCheck = 0820;
				LastUpgradeCheck = 0820;
				ORGANIZATIONNAME = "Harshdeep  Singh";
				TargetAttributes = {
					988989721EA2177D00B4D634 = {
						CreatedOnToolsVersion = 8.2.1;
						ProvisioningStyle = Automatic;
					};
				};
			};
			buildConfigurationList = 9889896E1EA2177D00B4D634 /* Build configuration list for PBXProject "Pokedex" */;
			compatibilityVersion = "Xcode 3.2";
			developmentRegion = English;
			hasScannedForEncodings = 0;
			knownRegions = (
				en,
				Base,
			);
			mainGroup = 9889896A1EA2177D00B4D634;
			productRefGroup = 988989741EA2177D00B4D634 /* Products */;
			projectDirPath = "";
			projectRoot = "";
			targets = (
				988989721EA2177D00B4D634 /* Pokedex */,
			);
		};
/* End PBXProject section */

/* Begin PBXResourcesBuildPhase section */
		988989711EA2177D00B4D634 /* Resources */ = {
			isa = PBXResourcesBuildPhase;
			buildActionMask = 2147483647;
			files = (
				988989841EA2177D00B4D634 /* LaunchScreen.storyboard in Resources */,
				988989811EA2177D00B4D634 /* Assets.xcassets in Resources */,
				98E9D65A1EA21F8800666954 /* pokemon.csv in Resources */,
				9889897C1EA2177D00B4D634 /* Main.storyboard in Resources */,
			);
			runOnlyForDeploymentPostprocessing = 0;
		};
/* End PBXResourcesBuildPhase section */

/* Begin PBXSourcesBuildPhase section */
		9889896F1EA2177D00B4D634 /* Sources */ = {
			isa = PBXSourcesBuildPhase;
			buildActionMask = 2147483647;
			files = (
				988989791EA2177D00B4D634 /* ViewController.swift in Sources */,
				9889897F1EA2177D00B4D634 /* Pokedex.xcdatamodeld in Sources */,
				988989771EA2177D00B4D634 /* AppDelegate.swift in Sources */,
			);
			runOnlyForDeploymentPostprocessing = 0;
		};
/* End PBXSourcesBuildPhase section */

/* Begin PBXVariantGroup section */
		9889897A1EA2177D00B4D634 /* Main.storyboard */ = {
			isa = PBXVariantGroup;
			children = (
				9889897B1EA2177D00B4D634 /* Base */,
			);
			name = Main.storyboard;
			sourceTree = "<group>";
		};
		988989821EA2177D00B4D634 /* LaunchScreen.storyboard */ = {
			isa = PBXVariantGroup;
			children = (
				988989831EA2177D00B4D634 /* Base */,
			);
			name = LaunchScreen.storyboard;
			sourceTree = "<group>";
		};
/* End PBXVariantGroup section */

/* Begin XCBuildConfiguration section */
		988989861EA2177D00B4D634 /* Debug */ = {
			isa = XCBuildConfiguration;
			buildSettings = {
				ALWAYS_SEARCH_USER_PATHS = NO;
				CLANG_ANALYZER_NONNULL = YES;
				CLANG_CXX_LANGUAGE_STANDARD = "gnu++0x";
				CLANG_CXX_LIBRARY = "libc++";
				CLANG_ENABLE_MODULES = YES;
				CLANG_ENABLE_OBJC_ARC = YES;
				CLANG_WARN_BOOL_CONVERSION = YES;
				CLANG_WARN_CONSTANT_CONVERSION = YES;
				CLANG_WARN_DIRECT_OBJC_ISA_USAGE = YES_ERROR;
				CLANG_WARN_DOCUMENTATION_COMMENTS = YES;
				CLANG_WARN_EMPTY_BODY = YES;
				CLANG_WARN_ENUM_CONVERSION = YES;
				CLANG_WARN_INFINITE_RECURSION = YES;
				CLANG_WARN_INT_CONVERSION = YES;
				CLANG_WARN_OBJC_ROOT_CLASS = YES_ERROR;
				CLANG_WARN_SUSPICIOUS_MOVE = YES;
				CLANG_WARN_UNREACHABLE_CODE = YES;
				CLANG_WARN__DUPLICATE_METHOD_MATCH = YES;
				"CODE_SIGN_IDENTITY[sdk=iphoneos*]" = "iPhone Developer";
				COPY_PHASE_STRIP = NO;
				DEBUG_INFORMATION_FORMAT = dwarf;
				ENABLE_STRICT_OBJC_MSGSEND = YES;
				ENABLE_TESTABILITY = YES;
				GCC_C_LANGUAGE_STANDARD = gnu99;
				GCC_DYNAMIC_NO_PIC = NO;
				GCC_NO_COMMON_BLOCKS = YES;
				GCC_OPTIMIZATION_LEVEL = 0;
				GCC_PREPROCESSOR_DEFINITIONS = (
					"DEBUG=1",
					"$(inherited)",
				);
				GCC_WARN_64_TO_32_BIT_CONVERSION = YES;
				GCC_WARN_ABOUT_RETURN_TYPE = YES_ERROR;
				GCC_WARN_UNDECLARED_SELECTOR = YES;
				GCC_WARN_UNINITIALIZED_AUTOS = YES_AGGRESSIVE;
				GCC_WARN_UNUSED_FUNCTION = YES;
				GCC_WARN_UNUSED_VARIABLE = YES;
				IPHONEOS_DEPLOYMENT_TARGET = 10.2;
				MTL_ENABLE_DEBUG_INFO = YES;
				ONLY_ACTIVE_ARCH = YES;
				SDKROOT = iphoneos;
				SWIFT_ACTIVE_COMPILATION_CONDITIONS = DEBUG;
				SWIFT_OPTIMIZATION_LEVEL = "-Onone";
			};
			name = Debug;
		};
		988989871EA2177D00B4D634 /* Release */ = {
			isa = XCBuildConfiguration;
			buildSettings = {
				ALWAYS_SEARCH_USER_PATHS = NO;
				CLANG_ANALYZER_NONNULL = YES;
				CLANG_CXX_LANGUAGE_STANDARD = "gnu++0x";
				CLANG_CXX_LIBRARY = "libc++";
				CLANG_ENABLE_MODULES = YES;
				CLANG_ENABLE_OBJC_ARC = YES;
				CLANG_WARN_BOOL_CONVERSION = YES;
				CLANG_WARN_CONSTANT_CONVERSION = YES;
				CLANG_WARN_DIRECT_OBJC_ISA_USAGE = YES_ERROR;
				CLANG_WARN_DOCUMENTATION_COMMENTS = YES;
				CLANG_WARN_EMPTY_BODY = YES;
				CLANG_WARN_ENUM_CONVERSION = YES;
				CLANG_WARN_INFINITE_RECURSION = YES;
				CLANG_WARN_INT_CONVERSION = YES;
				CLANG_WARN_OBJC_ROOT_CLASS = YES_ERROR;
				CLANG_WARN_SUSPICIOUS_MOVE = YES;
				CLANG_WARN_UNREACHABLE_CODE = YES;
				CLANG_WARN__DUPLICATE_METHOD_MATCH = YES;
				"CODE_SIGN_IDENTITY[sdk=iphoneos*]" = "iPhone Developer";
				COPY_PHASE_STRIP = NO;
				DEBUG_INFORMATION_FORMAT = "dwarf-with-dsym";
				ENABLE_NS_ASSERTIONS = NO;
				ENABLE_STRICT_OBJC_MSGSEND = YES;
				GCC_C_LANGUAGE_STANDARD = gnu99;
				GCC_NO_COMMON_BLOCKS = YES;
				GCC_WARN_64_TO_32_BIT_CONVERSION = YES;
				GCC_WARN_ABOUT_RETURN_TYPE = YES_ERROR;
				GCC_WARN_UNDECLARED_SELECTOR = YES;
				GCC_WARN_UNINITIALIZED_AUTOS = YES_AGGRESSIVE;
				GCC_WARN_UNUSED_FUNCTION = YES;
				GCC_WARN_UNUSED_VARIABLE = YES;
				IPHONEOS_DEPLOYMENT_TARGET = 10.2;
				MTL_ENABLE_DEBUG_INFO = NO;
				SDKROOT = iphoneos;
				SWIFT_OPTIMIZATION_LEVEL = "-Owholemodule";
				VALIDATE_PRODUCT = YES;
			};
			name = Release;
		};
		988989891EA2177D00B4D634 /* Debug */ = {
			isa = XCBuildConfiguration;
			buildSettings = {
				ASSETCATALOG_COMPILER_APPICON_NAME = AppIcon;
				INFOPLIST_FILE = Pokedex/Info.plist;
				LD_RUNPATH_SEARCH_PATHS = "$(inherited) @executable_path/Frameworks";
				PRODUCT_BUNDLE_IDENTIFIER = harsh.Pokedex;
				PRODUCT_NAME = "$(TARGET_NAME)";
				SWIFT_VERSION = 3.0;
			};
			name = Debug;
		};
		9889898A1EA2177D00B4D634 /* Release */ = {
			isa = XCBuildConfiguration;
			buildSettings = {
				ASSETCATALOG_COMPILER_APPICON_NAME = AppIcon;
				INFOPLIST_FILE = Pokedex/Info.plist;
				LD_RUNPATH_SEARCH_PATHS = "$(inherited) @executable_path/Frameworks";
				PRODUCT_BUNDLE_IDENTIFIER = harsh.Pokedex;
				PRODUCT_NAME = "$(TARGET_NAME)";
				SWIFT_VERSION = 3.0;
			};
			name = Release;
		};
/* End XCBuildConfiguration section */

/* Begin XCConfigurationList section */
		9889896E1EA2177D00B4D634 /* Build configuration list for PBXProject "Pokedex" */ = {
			isa = XCConfigurationList;
			buildConfigurations = (
				988989861EA2177D00B4D634 /* Debug */,
				988989871EA2177D00B4D634 /* Release */,
			);
			defaultConfigurationIsVisible = 0;
			defaultConfigurationName = Release;
		};
		988989881EA2177D00B4D634 /* Build configuration list for PBXNativeTarget "Pokedex" */ = {
			isa = XCConfigurationList;
			buildConfigurations = (
				988989891EA2177D00B4D634 /* Debug */,
				9889898A1EA2177D00B4D634 /* Release */,
			);
			defaultConfigurationIsVisible = 0;
			defaultConfigurationName = Release;
		};
/* End XCConfigurationList section */

/* Begin XCVersionGroup section */
		9889897D1EA2177D00B4D634 /* Pokedex.xcdatamodeld */ = {
			isa = XCVersionGroup;
			children = (
				9889897E1EA2177D00B4D634 /* Pokedex.xcdatamodel */,
			);
			currentVersion = 9889897E1EA2177D00B4D634 /* Pokedex.xcdatamodel */;
			path = Pokedex.xcdatamodeld;
			sourceTree = "<group>";
			versionGroupType = wrapper.xcdatamodel;
		};
/* End XCVersionGroup section */
	};
	rootObject = 9889896B1EA2177D00B4D634 /* Project object */;
}
